
Microsoft Visual Studio Solution File, Format Version 12.00
# Visual Studio Version 16
VisualStudioVersion = 16.0.30907.101
MinimumVisualStudioVersion = 10.0.40219.1
Project("{FAE04EC0-301F-11D3-BF4B-00C04F79EFBC}") = "EnvironmentMinifier", "EnvironmentMinifier\EnvironmentMinifier.csproj", "{ED3DBB82-4A02-43E7-973B-50D7B4D39B99}"
EndProject
Global
	GlobalSection(SolutionConfigurationPlatforms) = preSolution
		Debug|Any CPU = Debug|Any CPU
		Release|Any CPU = Release|Any CPU
	EndGlobalSection
	GlobalSection(ProjectConfigurationPlatforms) = postSolution
		{ED3DBB82-4A02-43E7-973B-50D7B4D39B99}.Debug|Any CPU.ActiveCfg = Debug|Any CPU
		{ED3DBB82-4A02-43E7-973B-50D7B4D39B99}.Debug|Any CPU.Build.0 = Debug|Any CPU
		{ED3DBB82-4A02-43E7-973B-50D7B4D39B99}.Release|Any CPU.ActiveCfg = Release|Any CPU
		{ED3DBB82-4A02-43E7-973B-50D7B4D39B99}.Release|Any CPU.Build.0 = Release|Any CPU
	EndGlobalSection
	GlobalSection(SolutionProperties) = preSolution
		HideSolutionNode = FALSE
	EndGlobalSection
	GlobalSection(ExtensibilityGlobals) = postSolution
		SolutionGuid = {A9EF3829-B4BA-41C1-9973-2216F9302DFF}
	EndGlobalSection
EndGlobal
